{
  "name": "getcoding",
  "version": "1.0.0",
  "lockfileVersion": 3,
  "requires": true,
  "packages": {
    "": {
      "name": "getcoding",
      "version": "1.0.0",
      "license": "ISC",
      "dependencies": {
        "utopia-core-scss": "^1.2.1"
      }
    },
    "node_modules/utopia-core-scss": {
      "version": "1.2.1",
      "resolved": "https://registry.npmjs.org/utopia-core-scss/-/utopia-core-scss-1.2.1.tgz",
      "integrity": "sha512-PGPHFWOBSfcFn2d9i9AL8RDVQPLcxGbtKyVQU71r6FfAwrPpN+OZiAqcNzMb/rgaYwDW725NVzu/z5NISbGk+Q==",
      "license": "ISC"
    }
  }
}
